
Microsoft Visual Studio Solution File, Format Version 12.00
# Visual Studio Version 16
VisualStudioVersion = 16.0.31105.61
MinimumVisualStudioVersion = 10.0.40219.1
Project("{FAE04EC0-301F-11D3-BF4B-00C04F79EFBC}") = "TestTask", "TestTask\TestTask.csproj", "{B439D9A1-C889-406C-8D7E-B8A1D7BC31AA}"
EndProject
Project("{FAE04EC0-301F-11D3-BF4B-00C04F79EFBC}") = "Common", "Common\Common.csproj", "{695994E1-2F7B-49B5-9E3D-4E2A41E41C9A}"
EndProject
Project("{FAE04EC0-301F-11D3-BF4B-00C04F79EFBC}") = "BindingToNumeric", "BindingToNumber\BindingToNumeric.csproj", "{3A9E1113-2453-4F89-AFC2-F730690E820C}"
EndProject
Project("{FAE04EC0-301F-11D3-BF4B-00C04F79EFBC}") = "TestTask.Tests", "TestTask.Tests\TestTask.Tests.csproj", "{CFC2D75D-7B6D-4820-A112-FA7018D2B1E3}"
EndProject
Global
	GlobalSection(SolutionConfigurationPlatforms) = preSolution
		Debug|Any CPU = Debug|Any CPU
		Release|Any CPU = Release|Any CPU
	EndGlobalSection
	GlobalSection(ProjectConfigurationPlatforms) = postSolution
		{B439D9A1-C889-406C-8D7E-B8A1D7BC31AA}.Debug|Any CPU.ActiveCfg = Debug|Any CPU
		{B439D9A1-C889-406C-8D7E-B8A1D7BC31AA}.Debug|Any CPU.Build.0 = Debug|Any CPU
		{B439D9A1-C889-406C-8D7E-B8A1D7BC31AA}.Release|Any CPU.ActiveCfg = Release|Any CPU
		{B439D9A1-C889-406C-8D7E-B8A1D7BC31AA}.Release|Any CPU.Build.0 = Release|Any CPU
		{695994E1-2F7B-49B5-9E3D-4E2A41E41C9A}.Debug|Any CPU.ActiveCfg = Debug|Any CPU
		{695994E1-2F7B-49B5-9E3D-4E2A41E41C9A}.Debug|Any CPU.Build.0 = Debug|Any CPU
		{695994E1-2F7B-49B5-9E3D-4E2A41E41C9A}.Release|Any CPU.ActiveCfg = Release|Any CPU
		{695994E1-2F7B-49B5-9E3D-4E2A41E41C9A}.Release|Any CPU.Build.0 = Release|Any CPU
		{3A9E1113-2453-4F89-AFC2-F730690E820C}.Debug|Any CPU.ActiveCfg = Debug|Any CPU
		{3A9E1113-2453-4F89-AFC2-F730690E820C}.Debug|Any CPU.Build.0 = Debug|Any CPU
		{3A9E1113-2453-4F89-AFC2-F730690E820C}.Release|Any CPU.ActiveCfg = Release|Any CPU
		{3A9E1113-2453-4F89-AFC2-F730690E820C}.Release|Any CPU.Build.0 = Release|Any CPU
		{CFC2D75D-7B6D-4820-A112-FA7018D2B1E3}.Debug|Any CPU.ActiveCfg = Debug|Any CPU
		{CFC2D75D-7B6D-4820-A112-FA7018D2B1E3}.Debug|Any CPU.Build.0 = Debug|Any CPU
		{CFC2D75D-7B6D-4820-A112-FA7018D2B1E3}.Release|Any CPU.ActiveCfg = Release|Any CPU
		{CFC2D75D-7B6D-4820-A112-FA7018D2B1E3}.Release|Any CPU.Build.0 = Release|Any CPU
	EndGlobalSection
	GlobalSection(SolutionProperties) = preSolution
		HideSolutionNode = FALSE
	EndGlobalSection
	GlobalSection(ExtensibilityGlobals) = postSolution
		SolutionGuid = {3B91DF02-DC39-41ED-B8D5-6F1F907F54F8}
	EndGlobalSection
EndGlobal
